
Microsoft Visual Studio Solution File, Format Version 12.00
# Visual Studio Version 16
VisualStudioVersion = 16.0.31424.327
MinimumVisualStudioVersion = 10.0.40219.1
Project("{FAE04EC0-301F-11D3-BF4B-00C04F79EFBC}") = "AspNetCoreMvcProject", "AspNetCoreMvcProject\AspNetCoreMvcProject.csproj", "{7CAA0DCD-3B0E-4803-B2E3-8BFF357D5E63}"
EndProject
Global
	GlobalSection(SolutionConfigurationPlatforms) = preSolution
		Debug|Any CPU = Debug|Any CPU
		Release|Any CPU = Release|Any CPU
	EndGlobalSection
	GlobalSection(ProjectConfigurationPlatforms) = postSolution
		{7CAA0DCD-3B0E-4803-B2E3-8BFF357D5E63}.Debug|Any CPU.ActiveCfg = Debug|Any CPU
		{7CAA0DCD-3B0E-4803-B2E3-8BFF357D5E63}.Debug|Any CPU.Build.0 = Debug|Any CPU
		{7CAA0DCD-3B0E-4803-B2E3-8BFF357D5E63}.Release|Any CPU.ActiveCfg = Release|Any CPU
		{7CAA0DCD-3B0E-4803-B2E3-8BFF357D5E63}.Release|Any CPU.Build.0 = Release|Any CPU
	EndGlobalSection
	GlobalSection(SolutionProperties) = preSolution
		HideSolutionNode = FALSE
	EndGlobalSection
	GlobalSection(ExtensibilityGlobals) = postSolution
		SolutionGuid = {F3D58380-1B26-46CB-8552-B15EAC0E7FE7}
	EndGlobalSection
EndGlobal
